
Microsoft Visual Studio Solution File, Format Version 12.00
# Visual Studio Version 16
VisualStudioVersion = 16.0.31729.503
MinimumVisualStudioVersion = 10.0.40219.1
Project("{FAE04EC0-301F-11D3-BF4B-00C04F79EFBC}") = "11_22_33_Final", "11_22_33_Final\11_22_33_Final.csproj", "{AAA79E64-5764-43D0-A9F5-5B93B8D25DB5}"
EndProject
Global
	GlobalSection(SolutionConfigurationPlatforms) = preSolution
		Debug|Any CPU = Debug|Any CPU
		Release|Any CPU = Release|Any CPU
	EndGlobalSection
	GlobalSection(ProjectConfigurationPlatforms) = postSolution
		{AAA79E64-5764-43D0-A9F5-5B93B8D25DB5}.Debug|Any CPU.ActiveCfg = Debug|Any CPU
		{AAA79E64-5764-43D0-A9F5-5B93B8D25DB5}.Debug|Any CPU.Build.0 = Debug|Any CPU
		{AAA79E64-5764-43D0-A9F5-5B93B8D25DB5}.Release|Any CPU.ActiveCfg = Release|Any CPU
		{AAA79E64-5764-43D0-A9F5-5B93B8D25DB5}.Release|Any CPU.Build.0 = Release|Any CPU
	EndGlobalSection
	GlobalSection(SolutionProperties) = preSolution
		HideSolutionNode = FALSE
	EndGlobalSection
	GlobalSection(ExtensibilityGlobals) = postSolution
		SolutionGuid = {C3037B1A-7FCB-4AA7-8284-906D68F4AFE5}
	EndGlobalSection
EndGlobal
